
Microsoft Visual Studio Solution File, Format Version 12.00
# Visual Studio Version 17
VisualStudioVersion = 17.4.33213.308
MinimumVisualStudioVersion = 10.0.40219.1
Project("{FAE04EC0-301F-11D3-BF4B-00C04F79EFBC}") = "Tarea1", "Tarea1\Tarea1.csproj", "{3040CDC7-C070-453E-920A-AD45DBEB60AE}"
EndProject
Global
	GlobalSection(SolutionConfigurationPlatforms) = preSolution
		Debug|Any CPU = Debug|Any CPU
		Release|Any CPU = Release|Any CPU
	EndGlobalSection
	GlobalSection(ProjectConfigurationPlatforms) = postSolution
		{3040CDC7-C070-453E-920A-AD45DBEB60AE}.Debug|Any CPU.ActiveCfg = Debug|Any CPU
		{3040CDC7-C070-453E-920A-AD45DBEB60AE}.Debug|Any CPU.Build.0 = Debug|Any CPU
		{3040CDC7-C070-453E-920A-AD45DBEB60AE}.Release|Any CPU.ActiveCfg = Release|Any CPU
		{3040CDC7-C070-453E-920A-AD45DBEB60AE}.Release|Any CPU.Build.0 = Release|Any CPU
	EndGlobalSection
	GlobalSection(SolutionProperties) = preSolution
		HideSolutionNode = FALSE
	EndGlobalSection
	GlobalSection(ExtensibilityGlobals) = postSolution
		SolutionGuid = {356D60E1-957A-43DF-B821-74E9C0924913}
	EndGlobalSection
EndGlobal
